
Microsoft Visual Studio Solution File, Format Version 12.00
# Visual Studio Version 16
VisualStudioVersion = 16.0.29806.167
MinimumVisualStudioVersion = 10.0.40219.1
Project("{FAE04EC0-301F-11D3-BF4B-00C04F79EFBC}") = "TestCenterApp", "TestCenterApp\TestCenterApp.csproj", "{80296DE0-5247-48B0-A182-8314AA8414B6}"
EndProject
Project("{FAE04EC0-301F-11D3-BF4B-00C04F79EFBC}") = "Console", "Console\Console.csproj", "{C123F591-EA32-4EC3-B30F-0E423FA28FEA}"
EndProject
Project("{FAE04EC0-301F-11D3-BF4B-00C04F79EFBC}") = "Shared", "Shared\Shared.csproj", "{8203EB85-2C12-4075-A8D4-390B860EBC43}"
EndProject
Global
	GlobalSection(SolutionConfigurationPlatforms) = preSolution
		Debug|Any CPU = Debug|Any CPU
		Release|Any CPU = Release|Any CPU
	EndGlobalSection
	GlobalSection(ProjectConfigurationPlatforms) = postSolution
		{80296DE0-5247-48B0-A182-8314AA8414B6}.Debug|Any CPU.ActiveCfg = Debug|Any CPU
		{80296DE0-5247-48B0-A182-8314AA8414B6}.Debug|Any CPU.Build.0 = Debug|Any CPU
		{80296DE0-5247-48B0-A182-8314AA8414B6}.Release|Any CPU.ActiveCfg = Release|Any CPU
		{80296DE0-5247-48B0-A182-8314AA8414B6}.Release|Any CPU.Build.0 = Release|Any CPU
		{C123F591-EA32-4EC3-B30F-0E423FA28FEA}.Debug|Any CPU.ActiveCfg = Debug|Any CPU
		{C123F591-EA32-4EC3-B30F-0E423FA28FEA}.Debug|Any CPU.Build.0 = Debug|Any CPU
		{C123F591-EA32-4EC3-B30F-0E423FA28FEA}.Release|Any CPU.ActiveCfg = Release|Any CPU
		{C123F591-EA32-4EC3-B30F-0E423FA28FEA}.Release|Any CPU.Build.0 = Release|Any CPU
		{8203EB85-2C12-4075-A8D4-390B860EBC43}.Debug|Any CPU.ActiveCfg = Debug|Any CPU
		{8203EB85-2C12-4075-A8D4-390B860EBC43}.Debug|Any CPU.Build.0 = Debug|Any CPU
		{8203EB85-2C12-4075-A8D4-390B860EBC43}.Release|Any CPU.ActiveCfg = Release|Any CPU
		{8203EB85-2C12-4075-A8D4-390B860EBC43}.Release|Any CPU.Build.0 = Release|Any CPU
	EndGlobalSection
	GlobalSection(SolutionProperties) = preSolution
		HideSolutionNode = FALSE
	EndGlobalSection
	GlobalSection(ExtensibilityGlobals) = postSolution
		SolutionGuid = {1E15B141-05D0-4C7E-A1A5-265EE0C158EA}
	EndGlobalSection
EndGlobal
